// !$*UTF8*$!
{
	archiveVersion = 1;
	classes = {
	};
	objectVersion = 50;
	objects = {

/* Begin PBXBuildFile section */
		606BE48F2206981700A47939 /* HKLogButton.swift in Sources */ = {isa = PBXBuildFile; fileRef = 606BE48E2206981700A47939 /* HKLogButton.swift */; };
		606BE4932206988C00A47939 /* btnGreen.png in Resources */ = {isa = PBXBuildFile; fileRef = 606BE4902206988C00A47939 /* btnGreen.png */; };
		606BE4942206988C00A47939 /* imgMemo@2x.png in Resources */ = {isa = PBXBuildFile; fileRef = 606BE4912206988C00A47939 /* imgMemo@2x.png */; };
		606BE4952206988C00A47939 /* icoWarning@2x.png in Resources */ = {isa = PBXBuildFile; fileRef = 606BE4922206988C00A47939 /* icoWarning@2x.png */; };
		606BE4992206BB2400A47939 /* SWRevealViewController.m in Sources */ = {isa = PBXBuildFile; fileRef = 606BE4972206BB2400A47939 /* SWRevealViewController.m */; };
		606BE49B2206BB7500A47939 /* icoMenu.png in Resources */ = {isa = PBXBuildFile; fileRef = 606BE49A2206BB7500A47939 /* icoMenu.png */; };
		6070AC3A2206CFD8004AD0A2 /* HKRevealViewController.swift in Sources */ = {isa = PBXBuildFile; fileRef = 6070AC392206CFD8004AD0A2 /* HKRevealViewController.swift */; };
		6070AC3C2206D1B8004AD0A2 /* SideMenuVC.swift in Sources */ = {isa = PBXBuildFile; fileRef = 6070AC3B2206D1B8004AD0A2 /* SideMenuVC.swift */; };
		6070AC422206D20B004AD0A2 /* icoMenu05.png in Resources */ = {isa = PBXBuildFile; fileRef = 6070AC3D2206D20A004AD0A2 /* icoMenu05.png */; };
		6070AC432206D20B004AD0A2 /* icoMenu01.png in Resources */ = {isa = PBXBuildFile; fileRef = 6070AC3E2206D20A004AD0A2 /* icoMenu01.png */; };
		6070AC442206D20B004AD0A2 /* icoMenu02.png in Resources */ = {isa = PBXBuildFile; fileRef = 6070AC3F2206D20A004AD0A2 /* icoMenu02.png */; };
		6070AC452206D20B004AD0A2 /* icoMenu03.png in Resources */ = {isa = PBXBuildFile; fileRef = 6070AC402206D20A004AD0A2 /* icoMenu03.png */; };
		6070AC462206D20B004AD0A2 /* icoMenu04.png in Resources */ = {isa = PBXBuildFile; fileRef = 6070AC412206D20B004AD0A2 /* icoMenu04.png */; };
		7763BB3321FC791E00B37E1D /* SignVC.swift in Sources */ = {isa = PBXBuildFile; fileRef = 7763BB3221FC791E00B37E1D /* SignVC.swift */; };
		C314A01C21EE09AB006946DF /* ListVC.swift in Sources */ = {isa = PBXBuildFile; fileRef = C314A01B21EE09AB006946DF /* ListVC.swift */; };
		C314A02221EE0A35006946DF /* ListCell.swift in Sources */ = {isa = PBXBuildFile; fileRef = C314A02121EE0A35006946DF /* ListCell.swift */; };
		C314A02421EE0A5C006946DF /* MemoData.swift in Sources */ = {isa = PBXBuildFile; fileRef = C314A02321EE0A5C006946DF /* MemoData.swift */; };
		C331E0F621EDFE23006F59C0 /* AppDelegate.swift in Sources */ = {isa = PBXBuildFile; fileRef = C331E0F521EDFE23006F59C0 /* AppDelegate.swift */; };
		C331E0FB21EDFE23006F59C0 /* Main.storyboard in Resources */ = {isa = PBXBuildFile; fileRef = C331E0F921EDFE23006F59C0 /* Main.storyboard */; };
		C331E0FE21EDFE23006F59C0 /* MyMemory.xcdatamodeld in Sources */ = {isa = PBXBuildFile; fileRef = C331E0FC21EDFE23006F59C0 /* MyMemory.xcdatamodeld */; };
		C331E10021EDFE25006F59C0 /* Assets.xcassets in Resources */ = {isa = PBXBuildFile; fileRef = C331E0FF21EDFE25006F59C0 /* Assets.xcassets */; };
		C331E10321EDFE25006F59C0 /* LaunchScreen.storyboard in Resources */ = {isa = PBXBuildFile; fileRef = C331E10121EDFE25006F59C0 /* LaunchScreen.storyboard */; };
		C3E1601321EE0C5D00086D7B /* ReadVC.swift in Sources */ = {isa = PBXBuildFile; fileRef = C3E1601221EE0C5D00086D7B /* ReadVC.swift */; };
		C3E1601521EE0C6800086D7B /* MemoVC.swift in Sources */ = {isa = PBXBuildFile; fileRef = C3E1601421EE0C6800086D7B /* MemoVC.swift */; };
		C3E1601821EE1FDC00086D7B /* LaunchScreen.jpeg in Resources */ = {isa = PBXBuildFile; fileRef = C3E1601721EE1FDC00086D7B /* LaunchScreen.jpeg */; };
		C50230A9C044485C8CBEBC1C /* Pods_MyMemory.framework in Frameworks */ = {isa = PBXBuildFile; fileRef = 988D18F5AB67231F044C3429 /* Pods_MyMemory.framework */; };
/* End PBXBuildFile section */

/* Begin PBXFileReference section */
		606BE48E2206981700A47939 /* HKLogButton.swift */ = {isa = PBXFileReference; lastKnownFileType = sourcecode.swift; path = HKLogButton.swift; sourceTree = "<group>"; };
		606BE4902206988C00A47939 /* btnGreen.png */ = {isa = PBXFileReference; lastKnownFileType = image.png; path = btnGreen.png; sourceTree = "<group>"; };
		606BE4912206988C00A47939 /* imgMemo@2x.png */ = {isa = PBXFileReference; lastKnownFileType = image.png; path = "imgMemo@2x.png"; sourceTree = "<group>"; };
		606BE4922206988C00A47939 /* icoWarning@2x.png */ = {isa = PBXFileReference; lastKnownFileType = image.png; path = "icoWarning@2x.png"; sourceTree = "<group>"; };
		606BE4962206BB2300A47939 /* MyMemory-Bridging-Header.h */ = {isa = PBXFileReference; lastKnownFileType = sourcecode.c.h; path = "MyMemory-Bridging-Header.h"; sourceTree = "<group>"; };
		606BE4972206BB2400A47939 /* SWRevealViewController.m */ = {isa = PBXFileReference; fileEncoding = 4; lastKnownFileType = sourcecode.c.objc; path = SWRevealViewController.m; sourceTree = "<group>"; };
		606BE4982206BB2400A47939 /* SWRevealViewController.h */ = {isa = PBXFileReference; fileEncoding = 4; lastKnownFileType = sourcecode.c.h; path = SWRevealViewController.h; sourceTree = "<group>"; };
		606BE49A2206BB7500A47939 /* icoMenu.png */ = {isa = PBXFileReference; lastKnownFileType = image.png; path = icoMenu.png; sourceTree = "<group>"; };
		6070AC392206CFD8004AD0A2 /* HKRevealViewController.swift */ = {isa = PBXFileReference; lastKnownFileType = sourcecode.swift; path = HKRevealViewController.swift; sourceTree = "<group>"; };
		6070AC3B2206D1B8004AD0A2 /* SideMenuVC.swift */ = {isa = PBXFileReference; lastKnownFileType = sourcecode.swift; path = SideMenuVC.swift; sourceTree = "<group>"; };
		6070AC3D2206D20A004AD0A2 /* icoMenu05.png */ = {isa = PBXFileReference; lastKnownFileType = image.png; path = icoMenu05.png; sourceTree = "<group>"; };
		6070AC3E2206D20A004AD0A2 /* icoMenu01.png */ = {isa = PBXFileReference; lastKnownFileType = image.png; path = icoMenu01.png; sourceTree = "<group>"; };
		6070AC3F2206D20A004AD0A2 /* icoMenu02.png */ = {isa = PBXFileReference; lastKnownFileType = image.png; path = icoMenu02.png; sourceTree = "<group>"; };
		6070AC402206D20A004AD0A2 /* icoMenu03.png */ = {isa = PBXFileReference; lastKnownFileType = image.png; path = icoMenu03.png; sourceTree = "<group>"; };
		6070AC412206D20B004AD0A2 /* icoMenu04.png */ = {isa = PBXFileReference; lastKnownFileType = image.png; path = icoMenu04.png; sourceTree = "<group>"; };
		7763BB3221FC791E00B37E1D /* SignVC.swift */ = {isa = PBXFileReference; lastKnownFileType = sourcecode.swift; path = SignVC.swift; sourceTree = "<group>"; };
		8ED8DEB9BD0E96EE26A2962D /* Pods-MyMemory.debug.xcconfig */ = {isa = PBXFileReference; includeInIndex = 1; lastKnownFileType = text.xcconfig; name = "Pods-MyMemory.debug.xcconfig"; path = "Pods/Target Support Files/Pods-MyMemory/Pods-MyMemory.debug.xcconfig"; sourceTree = "<group>"; };
		988D18F5AB67231F044C3429 /* Pods_MyMemory.framework */ = {isa = PBXFileReference; explicitFileType = wrapper.framework; includeInIndex = 0; path = Pods_MyMemory.framework; sourceTree = BUILT_PRODUCTS_DIR; };
		B40D7847B635B033FB5FBEC6 /* Pods-MyMemory.release.xcconfig */ = {isa = PBXFileReference; includeInIndex = 1; lastKnownFileType = text.xcconfig; name = "Pods-MyMemory.release.xcconfig"; path = "Pods/Target Support Files/Pods-MyMemory/Pods-MyMemory.release.xcconfig"; sourceTree = "<group>"; };
		C314A01B21EE09AB006946DF /* ListVC.swift */ = {isa = PBXFileReference; lastKnownFileType = sourcecode.swift; path = ListVC.swift; sourceTree = "<group>"; };
		C314A02121EE0A35006946DF /* ListCell.swift */ = {isa = PBXFileReference; lastKnownFileType = sourcecode.swift; path = ListCell.swift; sourceTree = "<group>"; };
		C314A02321EE0A5C006946DF /* MemoData.swift */ = {isa = PBXFileReference; lastKnownFileType = sourcecode.swift; path = MemoData.swift; sourceTree = "<group>"; };
		C331E0F221EDFE23006F59C0 /* MyMemory.app */ = {isa = PBXFileReference; explicitFileType = wrapper.application; includeInIndex = 0; path = MyMemory.app; sourceTree = BUILT_PRODUCTS_DIR; };
		C331E0F521EDFE23006F59C0 /* AppDelegate.swift */ = {isa = PBXFileReference; lastKnownFileType = sourcecode.swift; path = AppDelegate.swift; sourceTree = "<group>"; };
		C331E0FA21EDFE23006F59C0 /* Base */ = {isa = PBXFileReference; lastKnownFileType = file.storyboard; name = Base; path = Base.lproj/Main.storyboard; sourceTree = "<group>"; };
		C331E0FD21EDFE23006F59C0 /* MyMemory.xcdatamodel */ = {isa = PBXFileReference; lastKnownFileType = wrapper.xcdatamodel; path = MyMemory.xcdatamodel; sourceTree = "<group>"; };
		C331E0FF21EDFE25006F59C0 /* Assets.xcassets */ = {isa = PBXFileReference; lastKnownFileType = folder.assetcatalog; path = Assets.xcassets; sourceTree = "<group>"; };
		C331E10221EDFE25006F59C0 /* Base */ = {isa = PBXFileReference; lastKnownFileType = file.storyboard; name = Base; path = Base.lproj/LaunchScreen.storyboard; sourceTree = "<group>"; };
		C331E10421EDFE25006F59C0 /* Info.plist */ = {isa = PBXFileReference; lastKnownFileType = text.plist.xml; path = Info.plist; sourceTree = "<group>"; };
		C3E1601221EE0C5D00086D7B /* ReadVC.swift */ = {isa = PBXFileReference; lastKnownFileType = sourcecode.swift; path = ReadVC.swift; sourceTree = "<group>"; };
		C3E1601421EE0C6800086D7B /* MemoVC.swift */ = {isa = PBXFileReference; lastKnownFileType = sourcecode.swift; path = MemoVC.swift; sourceTree = "<group>"; };
		C3E1601721EE1FDC00086D7B /* LaunchScreen.jpeg */ = {isa = PBXFileReference; lastKnownFileType = image.jpeg; path = LaunchScreen.jpeg; sourceTree = "<group>"; };
/* End PBXFileReference section */

/* Begin PBXFrameworksBuildPhase section */
		C331E0EF21EDFE23006F59C0 /* Frameworks */ = {
			isa = PBXFrameworksBuildPhase;
			buildActionMask = 2147483647;
			files = (
				C50230A9C044485C8CBEBC1C /* Pods_MyMemory.framework in Frameworks */,
			);
			runOnlyForDeploymentPostprocessing = 0;
		};
/* End PBXFrameworksBuildPhase section */

/* Begin PBXGroup section */
		606BE48D2206980100A47939 /* Classes */ = {
			isa = PBXGroup;
			children = (
				606BE48E2206981700A47939 /* HKLogButton.swift */,
				606BE4982206BB2400A47939 /* SWRevealViewController.h */,
				606BE4972206BB2400A47939 /* SWRevealViewController.m */,
				6070AC392206CFD8004AD0A2 /* HKRevealViewController.swift */,
				606BE4962206BB2300A47939 /* MyMemory-Bridging-Header.h */,
			);
			path = Classes;
			sourceTree = "<group>";
		};
		6BF4CBC1844896A7030B216C /* Pods */ = {
			isa = PBXGroup;
			children = (
				8ED8DEB9BD0E96EE26A2962D /* Pods-MyMemory.debug.xcconfig */,
				B40D7847B635B033FB5FBEC6 /* Pods-MyMemory.release.xcconfig */,
			);
			name = Pods;
			sourceTree = "<group>";
		};
		B4910D6FBA47DB125EDBA1D0 /* Frameworks */ = {
			isa = PBXGroup;
			children = (
				988D18F5AB67231F044C3429 /* Pods_MyMemory.framework */,
			);
			name = Frameworks;
			sourceTree = "<group>";
		};
		C331E0E921EDFE23006F59C0 = {
			isa = PBXGroup;
			children = (
				C331E0F421EDFE23006F59C0 /* Memo IT */,
				C331E0F321EDFE23006F59C0 /* Products */,
				6BF4CBC1844896A7030B216C /* Pods */,
				B4910D6FBA47DB125EDBA1D0 /* Frameworks */,
			);
			sourceTree = "<group>";
		};
		C331E0F321EDFE23006F59C0 /* Products */ = {
			isa = PBXGroup;
			children = (
				C331E0F221EDFE23006F59C0 /* MyMemory.app */,
			);
			name = Products;
			sourceTree = "<group>";
		};
		C331E0F421EDFE23006F59C0 /* Memo IT */ = {
			isa = PBXGroup;
			children = (
				606BE48D2206980100A47939 /* Classes */,
				C3E1601621EE1FA800086D7B /* Resources */,
				C331E0F521EDFE23006F59C0 /* AppDelegate.swift */,
				C331E0F921EDFE23006F59C0 /* Main.storyboard */,
				C331E0FF21EDFE25006F59C0 /* Assets.xcassets */,
				C331E10121EDFE25006F59C0 /* LaunchScreen.storyboard */,
				C331E10421EDFE25006F59C0 /* Info.plist */,
				C331E0FC21EDFE23006F59C0 /* MyMemory.xcdatamodeld */,
				C314A02321EE0A5C006946DF /* MemoData.swift */,
				6070AC3B2206D1B8004AD0A2 /* SideMenuVC.swift */,
				C314A01B21EE09AB006946DF /* ListVC.swift */,
				C314A02121EE0A35006946DF /* ListCell.swift */,
				7763BB3221FC791E00B37E1D /* SignVC.swift */,
				C3E1601421EE0C6800086D7B /* MemoVC.swift */,
				C3E1601221EE0C5D00086D7B /* ReadVC.swift */,
			);
			path = "Memo IT";
			sourceTree = "<group>";
		};
		C3E1601621EE1FA800086D7B /* Resources */ = {
			isa = PBXGroup;
			children = (
				C3E1601721EE1FDC00086D7B /* LaunchScreen.jpeg */,
				606BE4902206988C00A47939 /* btnGreen.png */,
				606BE49A2206BB7500A47939 /* icoMenu.png */,
				6070AC3E2206D20A004AD0A2 /* icoMenu01.png */,
				6070AC3F2206D20A004AD0A2 /* icoMenu02.png */,
				6070AC402206D20A004AD0A2 /* icoMenu03.png */,
				6070AC412206D20B004AD0A2 /* icoMenu04.png */,
				6070AC3D2206D20A004AD0A2 /* icoMenu05.png */,
				606BE4922206988C00A47939 /* icoWarning@2x.png */,
				606BE4912206988C00A47939 /* imgMemo@2x.png */,
			);
			path = Resources;
			sourceTree = "<group>";
		};
/* End PBXGroup section */

/* Begin PBXNativeTarget section */
		C331E0F121EDFE23006F59C0 /* MyMemory */ = {
			isa = PBXNativeTarget;
			buildConfigurationList = C331E10721EDFE25006F59C0 /* Build configuration list for PBXNativeTarget "MyMemory" */;
			buildPhases = (
				35A20E6B230CC20E46744172 /* [CP] Check Pods Manifest.lock */,
				C331E0EE21EDFE23006F59C0 /* Sources */,
				C331E0EF21EDFE23006F59C0 /* Frameworks */,
				C331E0F021EDFE23006F59C0 /* Resources */,
				ECABCF918796ED5260C310D0 /* [CP] Embed Pods Frameworks */,
				FB760EE223B3668451FCE157 /* [CP] Copy Pods Resources */,
			);
			buildRules = (
			);
			dependencies = (
			);
			name = MyMemory;
			productName = MyMemory;
			productReference = C331E0F221EDFE23006F59C0 /* MyMemory.app */;
			productType = "com.apple.product-type.application";
		};
/* End PBXNativeTarget section */

/* Begin PBXProject section */
		C331E0EA21EDFE23006F59C0 /* Project object */ = {
			isa = PBXProject;
			attributes = {
				LastSwiftUpdateCheck = 1010;
				LastUpgradeCheck = 1010;
				ORGANIZATIONNAME = hkim;
				TargetAttributes = {
					C331E0F121EDFE23006F59C0 = {
						CreatedOnToolsVersion = 10.1;
						LastSwiftMigration = 1010;
					};
				};
			};
			buildConfigurationList = C331E0ED21EDFE23006F59C0 /* Build configuration list for PBXProject "Memo IT" */;
			compatibilityVersion = "Xcode 9.3";
			developmentRegion = en;
			hasScannedForEncodings = 0;
			knownRegions = (
				en,
				Base,
			);
			mainGroup = C331E0E921EDFE23006F59C0;
			productRefGroup = C331E0F321EDFE23006F59C0 /* Products */;
			projectDirPath = "";
			projectRoot = "";
			targets = (
				C331E0F121EDFE23006F59C0 /* MyMemory */,
			);
		};
/* End PBXProject section */

/* Begin PBXResourcesBuildPhase section */
		C331E0F021EDFE23006F59C0 /* Resources */ = {
			isa = PBXResourcesBuildPhase;
			buildActionMask = 2147483647;
			files = (
				C331E10321EDFE25006F59C0 /* LaunchScreen.storyboard in Resources */,
				6070AC462206D20B004AD0A2 /* icoMenu04.png in Resources */,
				6070AC422206D20B004AD0A2 /* icoMenu05.png in Resources */,
				606BE49B2206BB7500A47939 /* icoMenu.png in Resources */,
				606BE4932206988C00A47939 /* btnGreen.png in Resources */,
				C3E1601821EE1FDC00086D7B /* LaunchScreen.jpeg in Resources */,
				C331E10021EDFE25006F59C0 /* Assets.xcassets in Resources */,
				606BE4942206988C00A47939 /* imgMemo@2x.png in Resources */,
				6070AC442206D20B004AD0A2 /* icoMenu02.png in Resources */,
				C331E0FB21EDFE23006F59C0 /* Main.storyboard in Resources */,
				6070AC452206D20B004AD0A2 /* icoMenu03.png in Resources */,
				606BE4952206988C00A47939 /* icoWarning@2x.png in Resources */,
				6070AC432206D20B004AD0A2 /* icoMenu01.png in Resources */,
			);
			runOnlyForDeploymentPostprocessing = 0;
		};
/* End PBXResourcesBuildPhase section */

/* Begin PBXShellScriptBuildPhase section */
		35A20E6B230CC20E46744172 /* [CP] Check Pods Manifest.lock */ = {
			isa = PBXShellScriptBuildPhase;
			buildActionMask = 2147483647;
			files = (
			);
			inputFileListPaths = (
			);
			inputPaths = (
				"${PODS_PODFILE_DIR_PATH}/Podfile.lock",
				"${PODS_ROOT}/Manifest.lock",
			);
			name = "[CP] Check Pods Manifest.lock";
			outputFileListPaths = (
			);
			outputPaths = (
				"$(DERIVED_FILE_DIR)/Pods-MyMemory-checkManifestLockResult.txt",
			);
			runOnlyForDeploymentPostprocessing = 0;
			shellPath = /bin/sh;
			shellScript = "diff \"${PODS_PODFILE_DIR_PATH}/Podfile.lock\" \"${PODS_ROOT}/Manifest.lock\" > /dev/null\nif [ $? != 0 ] ; then\n    # print error to STDERR\n    echo \"error: The sandbox is not in sync with the Podfile.lock. Run 'pod install' or update your CocoaPods installation.\" >&2\n    exit 1\nfi\n# This output is used by Xcode 'outputs' to avoid re-running this script phase.\necho \"SUCCESS\" > \"${SCRIPT_OUTPUT_FILE_0}\"\n";
			showEnvVarsInLog = 0;
		};
		ECABCF918796ED5260C310D0 /* [CP] Embed Pods Frameworks */ = {
			isa = PBXShellScriptBuildPhase;
			buildActionMask = 2147483647;
			files = (
			);
			inputFileListPaths = (
			);
			inputPaths = (
				"${SRCROOT}/Pods/Target Support Files/Pods-MyMemory/Pods-MyMemory-frameworks.sh",
				"${BUILT_PRODUCTS_DIR}/GTMSessionFetcher/GTMSessionFetcher.framework",
				"${BUILT_PRODUCTS_DIR}/GoogleToolboxForMac/GoogleToolboxForMac.framework",
			);
			name = "[CP] Embed Pods Frameworks";
			outputFileListPaths = (
			);
			outputPaths = (
				"${TARGET_BUILD_DIR}/${FRAMEWORKS_FOLDER_PATH}/GTMSessionFetcher.framework",
				"${TARGET_BUILD_DIR}/${FRAMEWORKS_FOLDER_PATH}/GoogleToolboxForMac.framework",
			);
			runOnlyForDeploymentPostprocessing = 0;
			shellPath = /bin/sh;
			shellScript = "\"${SRCROOT}/Pods/Target Support Files/Pods-MyMemory/Pods-MyMemory-frameworks.sh\"\n";
			showEnvVarsInLog = 0;
		};
		FB760EE223B3668451FCE157 /* [CP] Copy Pods Resources */ = {
			isa = PBXShellScriptBuildPhase;
			buildActionMask = 2147483647;
			files = (
			);
			inputFileListPaths = (
			);
			inputPaths = (
				"${SRCROOT}/Pods/Target Support Files/Pods-MyMemory/Pods-MyMemory-resources.sh",
				"${PODS_ROOT}/GoogleSignIn/Resources/GoogleSignIn.bundle",
			);
			name = "[CP] Copy Pods Resources";
			outputFileListPaths = (
			);
			outputPaths = (
				"${TARGET_BUILD_DIR}/${UNLOCALIZED_RESOURCES_FOLDER_PATH}/GoogleSignIn.bundle",
			);
			runOnlyForDeploymentPostprocessing = 0;
			shellPath = /bin/sh;
			shellScript = "\"${SRCROOT}/Pods/Target Support Files/Pods-MyMemory/Pods-MyMemory-resources.sh\"\n";
			showEnvVarsInLog = 0;
		};
/* End PBXShellScriptBuildPhase section */

/* Begin PBXSourcesBuildPhase section */
		C331E0EE21EDFE23006F59C0 /* Sources */ = {
			isa = PBXSourcesBuildPhase;
			buildActionMask = 2147483647;
			files = (
				606BE48F2206981700A47939 /* HKLogButton.swift in Sources */,
				C3E1601321EE0C5D00086D7B /* ReadVC.swift in Sources */,
				6070AC3C2206D1B8004AD0A2 /* SideMenuVC.swift in Sources */,
				7763BB3321FC791E00B37E1D /* SignVC.swift in Sources */,
				6070AC3A2206CFD8004AD0A2 /* HKRevealViewController.swift in Sources */,
				C314A01C21EE09AB006946DF /* ListVC.swift in Sources */,
				C314A02421EE0A5C006946DF /* MemoData.swift in Sources */,
				C314A02221EE0A35006946DF /* ListCell.swift in Sources */,
				C331E0FE21EDFE23006F59C0 /* MyMemory.xcdatamodeld in Sources */,
				606BE4992206BB2400A47939 /* SWRevealViewController.m in Sources */,
				C331E0F621EDFE23006F59C0 /* AppDelegate.swift in Sources */,
				C3E1601521EE0C6800086D7B /* MemoVC.swift in Sources */,
			);
			runOnlyForDeploymentPostprocessing = 0;
		};
/* End PBXSourcesBuildPhase section */

/* Begin PBXVariantGroup section */
		C331E0F921EDFE23006F59C0 /* Main.storyboard */ = {
			isa = PBXVariantGroup;
			children = (
				C331E0FA21EDFE23006F59C0 /* Base */,
			);
			name = Main.storyboard;
			sourceTree = "<group>";
		};
		C331E10121EDFE25006F59C0 /* LaunchScreen.storyboard */ = {
			isa = PBXVariantGroup;
			children = (
				C331E10221EDFE25006F59C0 /* Base */,
			);
			name = LaunchScreen.storyboard;
			sourceTree = "<group>";
		};
/* End PBXVariantGroup section */

/* Begin XCBuildConfiguration section */
		C331E10521EDFE25006F59C0 /* Debug */ = {
			isa = XCBuildConfiguration;
			buildSettings = {
				ALWAYS_SEARCH_USER_PATHS = NO;
				CLANG_ANALYZER_NONNULL = YES;
				CLANG_ANALYZER_NUMBER_OBJECT_CONVERSION = YES_AGGRESSIVE;
				CLANG_CXX_LANGUAGE_STANDARD = "gnu++14";
				CLANG_CXX_LIBRARY = "libc++";
				CLANG_ENABLE_MODULES = YES;
				CLANG_ENABLE_OBJC_ARC = YES;
				CLANG_ENABLE_OBJC_WEAK = YES;
				CLANG_WARN_BLOCK_CAPTURE_AUTORELEASING = YES;
				CLANG_WARN_BOOL_CONVERSION = YES;
				CLANG_WARN_COMMA = YES;
				CLANG_WARN_CONSTANT_CONVERSION = YES;
				CLANG_WARN_DEPRECATED_OBJC_IMPLEMENTATIONS = YES;
				CLANG_WARN_DIRECT_OBJC_ISA_USAGE = YES_ERROR;
				CLANG_WARN_DOCUMENTATION_COMMENTS = YES;
				CLANG_WARN_EMPTY_BODY = YES;
				CLANG_WARN_ENUM_CONVERSION = YES;
				CLANG_WARN_INFINITE_RECURSION = YES;
				CLANG_WARN_INT_CONVERSION = YES;
				CLANG_WARN_NON_LITERAL_NULL_CONVERSION = YES;
				CLANG_WARN_OBJC_IMPLICIT_RETAIN_SELF = YES;
				CLANG_WARN_OBJC_LITERAL_CONVERSION = YES;
				CLANG_WARN_OBJC_ROOT_CLASS = YES_ERROR;
				CLANG_WARN_RANGE_LOOP_ANALYSIS = YES;
				CLANG_WARN_STRICT_PROTOTYPES = YES;
				CLANG_WARN_SUSPICIOUS_MOVE = YES;
				CLANG_WARN_UNGUARDED_AVAILABILITY = YES_AGGRESSIVE;
				CLANG_WARN_UNREACHABLE_CODE = YES;
				CLANG_WARN__DUPLICATE_METHOD_MATCH = YES;
				CODE_SIGN_IDENTITY = "iPhone Developer";
				COPY_PHASE_STRIP = NO;
				DEBUG_INFORMATION_FORMAT = dwarf;
				ENABLE_STRICT_OBJC_MSGSEND = YES;
				ENABLE_TESTABILITY = YES;
				GCC_C_LANGUAGE_STANDARD = gnu11;
				GCC_DYNAMIC_NO_PIC = NO;
				GCC_NO_COMMON_BLOCKS = YES;
				GCC_OPTIMIZATION_LEVEL = 0;
				GCC_PREPROCESSOR_DEFINITIONS = (
					"DEBUG=1",
					"$(inherited)",
				);
				GCC_WARN_64_TO_32_BIT_CONVERSION = YES;
				GCC_WARN_ABOUT_RETURN_TYPE = YES_ERROR;
				GCC_WARN_UNDECLARED_SELECTOR = YES;
				GCC_WARN_UNINITIALIZED_AUTOS = YES_AGGRESSIVE;
				GCC_WARN_UNUSED_FUNCTION = YES;
				GCC_WARN_UNUSED_VARIABLE = YES;
				IPHONEOS_DEPLOYMENT_TARGET = 12.1;
				MTL_ENABLE_DEBUG_INFO = INCLUDE_SOURCE;
				MTL_FAST_MATH = YES;
				ONLY_ACTIVE_ARCH = YES;
				SDKROOT = iphoneos;
				SWIFT_ACTIVE_COMPILATION_CONDITIONS = DEBUG;
				SWIFT_OPTIMIZATION_LEVEL = "-Onone";
			};
			name = Debug;
		};
		C331E10621EDFE25006F59C0 /* Release */ = {
			isa = XCBuildConfiguration;
			buildSettings = {
				ALWAYS_SEARCH_USER_PATHS = NO;
				CLANG_ANALYZER_NONNULL = YES;
				CLANG_ANALYZER_NUMBER_OBJECT_CONVERSION = YES_AGGRESSIVE;
				CLANG_CXX_LANGUAGE_STANDARD = "gnu++14";
				CLANG_CXX_LIBRARY = "libc++";
				CLANG_ENABLE_MODULES = YES;
				CLANG_ENABLE_OBJC_ARC = YES;
				CLANG_ENABLE_OBJC_WEAK = YES;
				CLANG_WARN_BLOCK_CAPTURE_AUTORELEASING = YES;
				CLANG_WARN_BOOL_CONVERSION = YES;
				CLANG_WARN_COMMA = YES;
				CLANG_WARN_CONSTANT_CONVERSION = YES;
				CLANG_WARN_DEPRECATED_OBJC_IMPLEMENTATIONS = YES;
				CLANG_WARN_DIRECT_OBJC_ISA_USAGE = YES_ERROR;
				CLANG_WARN_DOCUMENTATION_COMMENTS = YES;
				CLANG_WARN_EMPTY_BODY = YES;
				CLANG_WARN_ENUM_CONVERSION = YES;
				CLANG_WARN_INFINITE_RECURSION = YES;
				CLANG_WARN_INT_CONVERSION = YES;
				CLANG_WARN_NON_LITERAL_NULL_CONVERSION = YES;
				CLANG_WARN_OBJC_IMPLICIT_RETAIN_SELF = YES;
				CLANG_WARN_OBJC_LITERAL_CONVERSION = YES;
				CLANG_WARN_OBJC_ROOT_CLASS = YES_ERROR;
				CLANG_WARN_RANGE_LOOP_ANALYSIS = YES;
				CLANG_WARN_STRICT_PROTOTYPES = YES;
				CLANG_WARN_SUSPICIOUS_MOVE = YES;
				CLANG_WARN_UNGUARDED_AVAILABILITY = YES_AGGRESSIVE;
				CLANG_WARN_UNREACHABLE_CODE = YES;
				CLANG_WARN__DUPLICATE_METHOD_MATCH = YES;
				CODE_SIGN_IDENTITY = "iPhone Developer";
				COPY_PHASE_STRIP = NO;
				DEBUG_INFORMATION_FORMAT = "dwarf-with-dsym";
				ENABLE_NS_ASSERTIONS = NO;
				ENABLE_STRICT_OBJC_MSGSEND = YES;
				GCC_C_LANGUAGE_STANDARD = gnu11;
				GCC_NO_COMMON_BLOCKS = YES;
				GCC_WARN_64_TO_32_BIT_CONVERSION = YES;
				GCC_WARN_ABOUT_RETURN_TYPE = YES_ERROR;
				GCC_WARN_UNDECLARED_SELECTOR = YES;
				GCC_WARN_UNINITIALIZED_AUTOS = YES_AGGRESSIVE;
				GCC_WARN_UNUSED_FUNCTION = YES;
				GCC_WARN_UNUSED_VARIABLE = YES;
				IPHONEOS_DEPLOYMENT_TARGET = 12.1;
				MTL_ENABLE_DEBUG_INFO = NO;
				MTL_FAST_MATH = YES;
				SDKROOT = iphoneos;
				SWIFT_COMPILATION_MODE = wholemodule;
				SWIFT_OPTIMIZATION_LEVEL = "-O";
				VALIDATE_PRODUCT = YES;
			};
			name = Release;
		};
		C331E10821EDFE25006F59C0 /* Debug */ = {
			isa = XCBuildConfiguration;
			baseConfigurationReference = 8ED8DEB9BD0E96EE26A2962D /* Pods-MyMemory.debug.xcconfig */;
			buildSettings = {
				ASSETCATALOG_COMPILER_APPICON_NAME = AppIcon;
				CLANG_ENABLE_MODULES = YES;
				CODE_SIGN_IDENTITY = "iPhone Developer";
				CODE_SIGN_STYLE = Automatic;
				DEVELOPMENT_TEAM = "";
				INFOPLIST_FILE = "$(SRCROOT)/Memo IT/Info.plist";
				IPHONEOS_DEPLOYMENT_TARGET = 10.0;
				LD_RUNPATH_SEARCH_PATHS = (
					"$(inherited)",
					"@executable_path/Frameworks",
				);
				PRODUCT_BUNDLE_IDENTIFIER = com.hkim.memoit;
				PRODUCT_NAME = "$(TARGET_NAME)";
				PROVISIONING_PROFILE_SPECIFIER = "";
				SWIFT_OBJC_BRIDGING_HEADER = "Memo IT/Classes/MyMemory-Bridging-Header.h";
				SWIFT_OPTIMIZATION_LEVEL = "-Onone";
				SWIFT_VERSION = 4.2;
				TARGETED_DEVICE_FAMILY = "1,2";
			};
			name = Debug;
		};
		C331E10921EDFE25006F59C0 /* Release */ = {
			isa = XCBuildConfiguration;
			baseConfigurationReference = B40D7847B635B033FB5FBEC6 /* Pods-MyMemory.release.xcconfig */;
			buildSettings = {
				ASSETCATALOG_COMPILER_APPICON_NAME = AppIcon;
				CLANG_ENABLE_MODULES = YES;
				CODE_SIGN_IDENTITY = "iPhone Developer";
				CODE_SIGN_STYLE = Automatic;
				DEVELOPMENT_TEAM = "";
				INFOPLIST_FILE = "$(SRCROOT)/Memo IT/Info.plist";
				IPHONEOS_DEPLOYMENT_TARGET = 10.0;
				LD_RUNPATH_SEARCH_PATHS = (
					"$(inherited)",
					"@executable_path/Frameworks",
				);
				PRODUCT_BUNDLE_IDENTIFIER = com.hkim.memoit;
				PRODUCT_NAME = "$(TARGET_NAME)";
				PROVISIONING_PROFILE_SPECIFIER = "";
				SWIFT_OBJC_BRIDGING_HEADER = "Memo IT/Classes/MyMemory-Bridging-Header.h";
				SWIFT_VERSION = 4.2;
				TARGETED_DEVICE_FAMILY = "1,2";
			};
			name = Release;
		};
/* End XCBuildConfiguration section */

/* Begin XCConfigurationList section */
		C331E0ED21EDFE23006F59C0 /* Build configuration list for PBXProject "Memo IT" */ = {
			isa = XCConfigurationList;
			buildConfigurations = (
				C331E10521EDFE25006F59C0 /* Debug */,
				C331E10621EDFE25006F59C0 /* Release */,
			);
			defaultConfigurationIsVisible = 0;
			defaultConfigurationName = Release;
		};
		C331E10721EDFE25006F59C0 /* Build configuration list for PBXNativeTarget "MyMemory" */ = {
			isa = XCConfigurationList;
			buildConfigurations = (
				C331E10821EDFE25006F59C0 /* Debug */,
				C331E10921EDFE25006F59C0 /* Release */,
			);
			defaultConfigurationIsVisible = 0;
			defaultConfigurationName = Release;
		};
/* End XCConfigurationList section */

/* Begin XCVersionGroup section */
		C331E0FC21EDFE23006F59C0 /* MyMemory.xcdatamodeld */ = {
			isa = XCVersionGroup;
			children = (
				C331E0FD21EDFE23006F59C0 /* MyMemory.xcdatamodel */,
			);
			currentVersion = C331E0FD21EDFE23006F59C0 /* MyMemory.xcdatamodel */;
			path = MyMemory.xcdatamodeld;
			sourceTree = "<group>";
			versionGroupType = wrapper.xcdatamodel;
		};
/* End XCVersionGroup section */
	};
	rootObject = C331E0EA21EDFE23006F59C0 /* Project object */;
}
