// !$*UTF8*$!
{
	archiveVersion = 1;
	classes = {
	};
	objectVersion = 50;
	objects = {

/* Begin PBXBuildFile section */
		C314A01C21EE09AB006946DF /* ListVC.swift in Sources */ = {isa = PBXBuildFile; fileRef = C314A01B21EE09AB006946DF /* ListVC.swift */; };
		C314A02221EE0A35006946DF /* ListCell.swift in Sources */ = {isa = PBXBuildFile; fileRef = C314A02121EE0A35006946DF /* ListCell.swift */; };
		C314A02421EE0A5C006946DF /* MemoData.swift in Sources */ = {isa = PBXBuildFile; fileRef = C314A02321EE0A5C006946DF /* MemoData.swift */; };
		C331E0F621EDFE23006F59C0 /* AppDelegate.swift in Sources */ = {isa = PBXBuildFile; fileRef = C331E0F521EDFE23006F59C0 /* AppDelegate.swift */; };
		C331E0FB21EDFE23006F59C0 /* Main.storyboard in Resources */ = {isa = PBXBuildFile; fileRef = C331E0F921EDFE23006F59C0 /* Main.storyboard */; };
		C331E0FE21EDFE23006F59C0 /* MyMemory.xcdatamodeld in Sources */ = {isa = PBXBuildFile; fileRef = C331E0FC21EDFE23006F59C0 /* MyMemory.xcdatamodeld */; };
		C331E10021EDFE25006F59C0 /* Assets.xcassets in Resources */ = {isa = PBXBuildFile; fileRef = C331E0FF21EDFE25006F59C0 /* Assets.xcassets */; };
		C331E10321EDFE25006F59C0 /* LaunchScreen.storyboard in Resources */ = {isa = PBXBuildFile; fileRef = C331E10121EDFE25006F59C0 /* LaunchScreen.storyboard */; };
		C3E1601321EE0C5D00086D7B /* ReadVC.swift in Sources */ = {isa = PBXBuildFile; fileRef = C3E1601221EE0C5D00086D7B /* ReadVC.swift */; };
		C3E1601521EE0C6800086D7B /* MemoVC.swift in Sources */ = {isa = PBXBuildFile; fileRef = C3E1601421EE0C6800086D7B /* MemoVC.swift */; };
		C3E1601821EE1FDC00086D7B /* LaunchScreen.jpeg in Resources */ = {isa = PBXBuildFile; fileRef = C3E1601721EE1FDC00086D7B /* LaunchScreen.jpeg */; };
/* End PBXBuildFile section */

/* Begin PBXFileReference section */
		C314A01B21EE09AB006946DF /* ListVC.swift */ = {isa = PBXFileReference; lastKnownFileType = sourcecode.swift; path = ListVC.swift; sourceTree = "<group>"; };
		C314A02121EE0A35006946DF /* ListCell.swift */ = {isa = PBXFileReference; lastKnownFileType = sourcecode.swift; path = ListCell.swift; sourceTree = "<group>"; };
		C314A02321EE0A5C006946DF /* MemoData.swift */ = {isa = PBXFileReference; lastKnownFileType = sourcecode.swift; path = MemoData.swift; sourceTree = "<group>"; };
		C331E0F221EDFE23006F59C0 /* MyMemory.app */ = {isa = PBXFileReference; explicitFileType = wrapper.application; includeInIndex = 0; path = MyMemory.app; sourceTree = BUILT_PRODUCTS_DIR; };
		C331E0F521EDFE23006F59C0 /* AppDelegate.swift */ = {isa = PBXFileReference; lastKnownFileType = sourcecode.swift; path = AppDelegate.swift; sourceTree = "<group>"; };
		C331E0FA21EDFE23006F59C0 /* Base */ = {isa = PBXFileReference; lastKnownFileType = file.storyboard; name = Base; path = Base.lproj/Main.storyboard; sourceTree = "<group>"; };
		C331E0FD21EDFE23006F59C0 /* MyMemory.xcdatamodel */ = {isa = PBXFileReference; lastKnownFileType = wrapper.xcdatamodel; path = MyMemory.xcdatamodel; sourceTree = "<group>"; };
		C331E0FF21EDFE25006F59C0 /* Assets.xcassets */ = {isa = PBXFileReference; lastKnownFileType = folder.assetcatalog; path = Assets.xcassets; sourceTree = "<group>"; };
		C331E10221EDFE25006F59C0 /* Base */ = {isa = PBXFileReference; lastKnownFileType = file.storyboard; name = Base; path = Base.lproj/LaunchScreen.storyboard; sourceTree = "<group>"; };
		C331E10421EDFE25006F59C0 /* Info.plist */ = {isa = PBXFileReference; lastKnownFileType = text.plist.xml; path = Info.plist; sourceTree = "<group>"; };
		C3E1601221EE0C5D00086D7B /* ReadVC.swift */ = {isa = PBXFileReference; lastKnownFileType = sourcecode.swift; path = ReadVC.swift; sourceTree = "<group>"; };
		C3E1601421EE0C6800086D7B /* MemoVC.swift */ = {isa = PBXFileReference; lastKnownFileType = sourcecode.swift; path = MemoVC.swift; sourceTree = "<group>"; };
		C3E1601721EE1FDC00086D7B /* LaunchScreen.jpeg */ = {isa = PBXFileReference; lastKnownFileType = image.jpeg; path = LaunchScreen.jpeg; sourceTree = "<group>"; };
/* End PBXFileReference section */

/* Begin PBXFrameworksBuildPhase section */
		C331E0EF21EDFE23006F59C0 /* Frameworks */ = {
			isa = PBXFrameworksBuildPhase;
			buildActionMask = 2147483647;
			files = (
			);
			runOnlyForDeploymentPostprocessing = 0;
		};
/* End PBXFrameworksBuildPhase section */

/* Begin PBXGroup section */
		C331E0E921EDFE23006F59C0 = {
			isa = PBXGroup;
			children = (
				C331E0F421EDFE23006F59C0 /* MyMemory */,
				C331E0F321EDFE23006F59C0 /* Products */,
			);
			sourceTree = "<group>";
		};
		C331E0F321EDFE23006F59C0 /* Products */ = {
			isa = PBXGroup;
			children = (
				C331E0F221EDFE23006F59C0 /* MyMemory.app */,
			);
			name = Products;
			sourceTree = "<group>";
		};
		C331E0F421EDFE23006F59C0 /* MyMemory */ = {
			isa = PBXGroup;
			children = (
				C3E1601621EE1FA800086D7B /* Resources */,
				C331E0F521EDFE23006F59C0 /* AppDelegate.swift */,
				C331E0F921EDFE23006F59C0 /* Main.storyboard */,
				C331E0FF21EDFE25006F59C0 /* Assets.xcassets */,
				C331E10121EDFE25006F59C0 /* LaunchScreen.storyboard */,
				C331E10421EDFE25006F59C0 /* Info.plist */,
				C331E0FC21EDFE23006F59C0 /* MyMemory.xcdatamodeld */,
				C314A02321EE0A5C006946DF /* MemoData.swift */,
				C314A01B21EE09AB006946DF /* ListVC.swift */,
				C314A02121EE0A35006946DF /* ListCell.swift */,
				C3E1601421EE0C6800086D7B /* MemoVC.swift */,
				C3E1601221EE0C5D00086D7B /* ReadVC.swift */,
			);
			path = MyMemory;
			sourceTree = "<group>";
		};
		C3E1601621EE1FA800086D7B /* Resources */ = {
			isa = PBXGroup;
			children = (
				C3E1601721EE1FDC00086D7B /* LaunchScreen.jpeg */,
			);
			path = Resources;
			sourceTree = "<group>";
		};
/* End PBXGroup section */

/* Begin PBXNativeTarget section */
		C331E0F121EDFE23006F59C0 /* MyMemory */ = {
			isa = PBXNativeTarget;
			buildConfigurationList = C331E10721EDFE25006F59C0 /* Build configuration list for PBXNativeTarget "MyMemory" */;
			buildPhases = (
				C331E0EE21EDFE23006F59C0 /* Sources */,
				C331E0EF21EDFE23006F59C0 /* Frameworks */,
				C331E0F021EDFE23006F59C0 /* Resources */,
			);
			buildRules = (
			);
			dependencies = (
			);
			name = MyMemory;
			productName = MyMemory;
			productReference = C331E0F221EDFE23006F59C0 /* MyMemory.app */;
			productType = "com.apple.product-type.application";
		};
/* End PBXNativeTarget section */

/* Begin PBXProject section */
		C331E0EA21EDFE23006F59C0 /* Project object */ = {
			isa = PBXProject;
			attributes = {
				LastSwiftUpdateCheck = 1010;
				LastUpgradeCheck = 1010;
				ORGANIZATIONNAME = hkim;
				TargetAttributes = {
					C331E0F121EDFE23006F59C0 = {
						CreatedOnToolsVersion = 10.1;
					};
				};
			};
			buildConfigurationList = C331E0ED21EDFE23006F59C0 /* Build configuration list for PBXProject "Memo IT" */;
			compatibilityVersion = "Xcode 9.3";
			developmentRegion = en;
			hasScannedForEncodings = 0;
			knownRegions = (
				en,
				Base,
			);
			mainGroup = C331E0E921EDFE23006F59C0;
			productRefGroup = C331E0F321EDFE23006F59C0 /* Products */;
			projectDirPath = "";
			projectRoot = "";
			targets = (
				C331E0F121EDFE23006F59C0 /* MyMemory */,
			);
		};
/* End PBXProject section */

/* Begin PBXResourcesBuildPhase section */
		C331E0F021EDFE23006F59C0 /* Resources */ = {
			isa = PBXResourcesBuildPhase;
			buildActionMask = 2147483647;
			files = (
				C331E10321EDFE25006F59C0 /* LaunchScreen.storyboard in Resources */,
				C3E1601821EE1FDC00086D7B /* LaunchScreen.jpeg in Resources */,
				C331E10021EDFE25006F59C0 /* Assets.xcassets in Resources */,
				C331E0FB21EDFE23006F59C0 /* Main.storyboard in Resources */,
			);
			runOnlyForDeploymentPostprocessing = 0;
		};
/* End PBXResourcesBuildPhase section */

/* Begin PBXSourcesBuildPhase section */
		C331E0EE21EDFE23006F59C0 /* Sources */ = {
			isa = PBXSourcesBuildPhase;
			buildActionMask = 2147483647;
			files = (
				C3E1601321EE0C5D00086D7B /* ReadVC.swift in Sources */,
				C314A01C21EE09AB006946DF /* ListVC.swift in Sources */,
				C314A02421EE0A5C006946DF /* MemoData.swift in Sources */,
				C314A02221EE0A35006946DF /* ListCell.swift in Sources */,
				C331E0FE21EDFE23006F59C0 /* MyMemory.xcdatamodeld in Sources */,
				C331E0F621EDFE23006F59C0 /* AppDelegate.swift in Sources */,
				C3E1601521EE0C6800086D7B /* MemoVC.swift in Sources */,
			);
			runOnlyForDeploymentPostprocessing = 0;
		};
/* End PBXSourcesBuildPhase section */

/* Begin PBXVariantGroup section */
		C331E0F921EDFE23006F59C0 /* Main.storyboard */ = {
			isa = PBXVariantGroup;
			children = (
				C331E0FA21EDFE23006F59C0 /* Base */,
			);
			name = Main.storyboard;
			sourceTree = "<group>";
		};
		C331E10121EDFE25006F59C0 /* LaunchScreen.storyboard */ = {
			isa = PBXVariantGroup;
			children = (
				C331E10221EDFE25006F59C0 /* Base */,
			);
			name = LaunchScreen.storyboard;
			sourceTree = "<group>";
		};
/* End PBXVariantGroup section */

/* Begin XCBuildConfiguration section */
		C331E10521EDFE25006F59C0 /* Debug */ = {
			isa = XCBuildConfiguration;
			buildSettings = {
				ALWAYS_SEARCH_USER_PATHS = NO;
				CLANG_ANALYZER_NONNULL = YES;
				CLANG_ANALYZER_NUMBER_OBJECT_CONVERSION = YES_AGGRESSIVE;
				CLANG_CXX_LANGUAGE_STANDARD = "gnu++14";
				CLANG_CXX_LIBRARY = "libc++";
				CLANG_ENABLE_MODULES = YES;
				CLANG_ENABLE_OBJC_ARC = YES;
				CLANG_ENABLE_OBJC_WEAK = YES;
				CLANG_WARN_BLOCK_CAPTURE_AUTORELEASING = YES;
				CLANG_WARN_BOOL_CONVERSION = YES;
				CLANG_WARN_COMMA = YES;
				CLANG_WARN_CONSTANT_CONVERSION = YES;
				CLANG_WARN_DEPRECATED_OBJC_IMPLEMENTATIONS = YES;
				CLANG_WARN_DIRECT_OBJC_ISA_USAGE = YES_ERROR;
				CLANG_WARN_DOCUMENTATION_COMMENTS = YES;
				CLANG_WARN_EMPTY_BODY = YES;
				CLANG_WARN_ENUM_CONVERSION = YES;
				CLANG_WARN_INFINITE_RECURSION = YES;
				CLANG_WARN_INT_CONVERSION = YES;
				CLANG_WARN_NON_LITERAL_NULL_CONVERSION = YES;
				CLANG_WARN_OBJC_IMPLICIT_RETAIN_SELF = YES;
				CLANG_WARN_OBJC_LITERAL_CONVERSION = YES;
				CLANG_WARN_OBJC_ROOT_CLASS = YES_ERROR;
				CLANG_WARN_RANGE_LOOP_ANALYSIS = YES;
				CLANG_WARN_STRICT_PROTOTYPES = YES;
				CLANG_WARN_SUSPICIOUS_MOVE = YES;
				CLANG_WARN_UNGUARDED_AVAILABILITY = YES_AGGRESSIVE;
				CLANG_WARN_UNREACHABLE_CODE = YES;
				CLANG_WARN__DUPLICATE_METHOD_MATCH = YES;
				CODE_SIGN_IDENTITY = "iPhone Developer";
				COPY_PHASE_STRIP = NO;
				DEBUG_INFORMATION_FORMAT = dwarf;
				ENABLE_STRICT_OBJC_MSGSEND = YES;
				ENABLE_TESTABILITY = YES;
				GCC_C_LANGUAGE_STANDARD = gnu11;
				GCC_DYNAMIC_NO_PIC = NO;
				GCC_NO_COMMON_BLOCKS = YES;
				GCC_OPTIMIZATION_LEVEL = 0;
				GCC_PREPROCESSOR_DEFINITIONS = (
					"DEBUG=1",
					"$(inherited)",
				);
				GCC_WARN_64_TO_32_BIT_CONVERSION = YES;
				GCC_WARN_ABOUT_RETURN_TYPE = YES_ERROR;
				GCC_WARN_UNDECLARED_SELECTOR = YES;
				GCC_WARN_UNINITIALIZED_AUTOS = YES_AGGRESSIVE;
				GCC_WARN_UNUSED_FUNCTION = YES;
				GCC_WARN_UNUSED_VARIABLE = YES;
				IPHONEOS_DEPLOYMENT_TARGET = 12.1;
				MTL_ENABLE_DEBUG_INFO = INCLUDE_SOURCE;
				MTL_FAST_MATH = YES;
				ONLY_ACTIVE_ARCH = YES;
				SDKROOT = iphoneos;
				SWIFT_ACTIVE_COMPILATION_CONDITIONS = DEBUG;
				SWIFT_OPTIMIZATION_LEVEL = "-Onone";
			};
			name = Debug;
		};
		C331E10621EDFE25006F59C0 /* Release */ = {
			isa = XCBuildConfiguration;
			buildSettings = {
				ALWAYS_SEARCH_USER_PATHS = NO;
				CLANG_ANALYZER_NONNULL = YES;
				CLANG_ANALYZER_NUMBER_OBJECT_CONVERSION = YES_AGGRESSIVE;
				CLANG_CXX_LANGUAGE_STANDARD = "gnu++14";
				CLANG_CXX_LIBRARY = "libc++";
				CLANG_ENABLE_MODULES = YES;
				CLANG_ENABLE_OBJC_ARC = YES;
				CLANG_ENABLE_OBJC_WEAK = YES;
				CLANG_WARN_BLOCK_CAPTURE_AUTORELEASING = YES;
				CLANG_WARN_BOOL_CONVERSION = YES;
				CLANG_WARN_COMMA = YES;
				CLANG_WARN_CONSTANT_CONVERSION = YES;
				CLANG_WARN_DEPRECATED_OBJC_IMPLEMENTATIONS = YES;
				CLANG_WARN_DIRECT_OBJC_ISA_USAGE = YES_ERROR;
				CLANG_WARN_DOCUMENTATION_COMMENTS = YES;
				CLANG_WARN_EMPTY_BODY = YES;
				CLANG_WARN_ENUM_CONVERSION = YES;
				CLANG_WARN_INFINITE_RECURSION = YES;
				CLANG_WARN_INT_CONVERSION = YES;
				CLANG_WARN_NON_LITERAL_NULL_CONVERSION = YES;
				CLANG_WARN_OBJC_IMPLICIT_RETAIN_SELF = YES;
				CLANG_WARN_OBJC_LITERAL_CONVERSION = YES;
				CLANG_WARN_OBJC_ROOT_CLASS = YES_ERROR;
				CLANG_WARN_RANGE_LOOP_ANALYSIS = YES;
				CLANG_WARN_STRICT_PROTOTYPES = YES;
				CLANG_WARN_SUSPICIOUS_MOVE = YES;
				CLANG_WARN_UNGUARDED_AVAILABILITY = YES_AGGRESSIVE;
				CLANG_WARN_UNREACHABLE_CODE = YES;
				CLANG_WARN__DUPLICATE_METHOD_MATCH = YES;
				CODE_SIGN_IDENTITY = "iPhone Developer";
				COPY_PHASE_STRIP = NO;
				DEBUG_INFORMATION_FORMAT = "dwarf-with-dsym";
				ENABLE_NS_ASSERTIONS = NO;
				ENABLE_STRICT_OBJC_MSGSEND = YES;
				GCC_C_LANGUAGE_STANDARD = gnu11;
				GCC_NO_COMMON_BLOCKS = YES;
				GCC_WARN_64_TO_32_BIT_CONVERSION = YES;
				GCC_WARN_ABOUT_RETURN_TYPE = YES_ERROR;
				GCC_WARN_UNDECLARED_SELECTOR = YES;
				GCC_WARN_UNINITIALIZED_AUTOS = YES_AGGRESSIVE;
				GCC_WARN_UNUSED_FUNCTION = YES;
				GCC_WARN_UNUSED_VARIABLE = YES;
				IPHONEOS_DEPLOYMENT_TARGET = 12.1;
				MTL_ENABLE_DEBUG_INFO = NO;
				MTL_FAST_MATH = YES;
				SDKROOT = iphoneos;
				SWIFT_COMPILATION_MODE = wholemodule;
				SWIFT_OPTIMIZATION_LEVEL = "-O";
				VALIDATE_PRODUCT = YES;
			};
			name = Release;
		};
		C331E10821EDFE25006F59C0 /* Debug */ = {
			isa = XCBuildConfiguration;
			buildSettings = {
				ASSETCATALOG_COMPILER_APPICON_NAME = AppIcon;
				CODE_SIGN_STYLE = Automatic;
				INFOPLIST_FILE = MyMemory/Info.plist;
				LD_RUNPATH_SEARCH_PATHS = (
					"$(inherited)",
					"@executable_path/Frameworks",
				);
				PRODUCT_BUNDLE_IDENTIFIER = com.hkim.memoit;
				PRODUCT_NAME = "$(TARGET_NAME)";
				SWIFT_VERSION = 4.2;
				TARGETED_DEVICE_FAMILY = "1,2";
			};
			name = Debug;
		};
		C331E10921EDFE25006F59C0 /* Release */ = {
			isa = XCBuildConfiguration;
			buildSettings = {
				ASSETCATALOG_COMPILER_APPICON_NAME = AppIcon;
				CODE_SIGN_STYLE = Automatic;
				INFOPLIST_FILE = MyMemory/Info.plist;
				LD_RUNPATH_SEARCH_PATHS = (
					"$(inherited)",
					"@executable_path/Frameworks",
				);
				PRODUCT_BUNDLE_IDENTIFIER = com.hkim.memoit;
				PRODUCT_NAME = "$(TARGET_NAME)";
				SWIFT_VERSION = 4.2;
				TARGETED_DEVICE_FAMILY = "1,2";
			};
			name = Release;
		};
/* End XCBuildConfiguration section */

/* Begin XCConfigurationList section */
		C331E0ED21EDFE23006F59C0 /* Build configuration list for PBXProject "Memo IT" */ = {
			isa = XCConfigurationList;
			buildConfigurations = (
				C331E10521EDFE25006F59C0 /* Debug */,
				C331E10621EDFE25006F59C0 /* Release */,
			);
			defaultConfigurationIsVisible = 0;
			defaultConfigurationName = Release;
		};
		C331E10721EDFE25006F59C0 /* Build configuration list for PBXNativeTarget "MyMemory" */ = {
			isa = XCConfigurationList;
			buildConfigurations = (
				C331E10821EDFE25006F59C0 /* Debug */,
				C331E10921EDFE25006F59C0 /* Release */,
			);
			defaultConfigurationIsVisible = 0;
			defaultConfigurationName = Release;
		};
/* End XCConfigurationList section */

/* Begin XCVersionGroup section */
		C331E0FC21EDFE23006F59C0 /* MyMemory.xcdatamodeld */ = {
			isa = XCVersionGroup;
			children = (
				C331E0FD21EDFE23006F59C0 /* MyMemory.xcdatamodel */,
			);
			currentVersion = C331E0FD21EDFE23006F59C0 /* MyMemory.xcdatamodel */;
			path = MyMemory.xcdatamodeld;
			sourceTree = "<group>";
			versionGroupType = wrapper.xcdatamodel;
		};
/* End XCVersionGroup section */
	};
	rootObject = C331E0EA21EDFE23006F59C0 /* Project object */;
}
